{
    "_meta": {
        "hash": {
            "sha256": "8f6eb91ffe5028393b7b1446851bbb2c815c5e0e3a809296ea4e6a025f2710b1"
        },
        "pipfile-spec": 6,
        "requires": {
            "python_full_version": "3.11.14",
            "python_version": "3.11"
        },
        "sources": [
            {
                "name": "pypi",
                "url": "https://pypi.org/simple",
                "verify_ssl": true
            }
        ]
    },
    "default": {
        "loguru": {
            "hashes": [
                "sha256:19480589e77d47b8d85b2c827ad95d49bf31b0dcde16593892eb51dd18706eb6",
                "sha256:31a33c10c8e1e10422bfd431aeb5d351c7cf7fa671e3c4df004162264b28220c"
            ],
            "index": "pypi",
            "markers": "python_version >= '3.5' and python_version < '4.0'",
            "version": "==0.7.3"
        }
    },
    "develop": {}
}
